
Microsoft Visual Studio Solution File, Format Version 12.00
# Visual Studio Version 17
VisualStudioVersion = 17.10.35027.167
MinimumVisualStudioVersion = 10.0.40219.1
Project("{FAE04EC0-301F-11D3-BF4B-00C04F79EFBC}") = "örnek1", "örnek1\örnek1.csproj", "{0A233530-0594-4E3D-A76E-55D700118FD1}"
EndProject
Global
	GlobalSection(SolutionConfigurationPlatforms) = preSolution
		Debug|Any CPU = Debug|Any CPU
		Release|Any CPU = Release|Any CPU
	EndGlobalSection
	GlobalSection(ProjectConfigurationPlatforms) = postSolution
		{0A233530-0594-4E3D-A76E-55D700118FD1}.Debug|Any CPU.ActiveCfg = Debug|Any CPU
		{0A233530-0594-4E3D-A76E-55D700118FD1}.Debug|Any CPU.Build.0 = Debug|Any CPU
		{0A233530-0594-4E3D-A76E-55D700118FD1}.Release|Any CPU.ActiveCfg = Release|Any CPU
		{0A233530-0594-4E3D-A76E-55D700118FD1}.Release|Any CPU.Build.0 = Release|Any CPU
	EndGlobalSection
	GlobalSection(SolutionProperties) = preSolution
		HideSolutionNode = FALSE
	EndGlobalSection
	GlobalSection(ExtensibilityGlobals) = postSolution
		SolutionGuid = {9B82C947-E467-474E-947A-026BFC410390}
	EndGlobalSection
EndGlobal
